
Microsoft Visual Studio Solution File, Format Version 12.00
# Visual Studio Version 17
VisualStudioVersion = 17.10.34928.147
MinimumVisualStudioVersion = 10.0.40219.1
Project("{FAE04EC0-301F-11D3-BF4B-00C04F79EFBC}") = "FileMerger", "FileMerger.csproj", "{1364CB05-B4C0-4BD7-8F0C-8E419D98CF85}"
EndProject
Global
	GlobalSection(SolutionConfigurationPlatforms) = preSolution
		Debug|Any CPU = Debug|Any CPU
		Release|Any CPU = Release|Any CPU
	EndGlobalSection
	GlobalSection(ProjectConfigurationPlatforms) = postSolution
		{1364CB05-B4C0-4BD7-8F0C-8E419D98CF85}.Debug|Any CPU.ActiveCfg = Debug|Any CPU
		{1364CB05-B4C0-4BD7-8F0C-8E419D98CF85}.Debug|Any CPU.Build.0 = Debug|Any CPU
		{1364CB05-B4C0-4BD7-8F0C-8E419D98CF85}.Release|Any CPU.ActiveCfg = Release|Any CPU
		{1364CB05-B4C0-4BD7-8F0C-8E419D98CF85}.Release|Any CPU.Build.0 = Release|Any CPU
	EndGlobalSection
	GlobalSection(SolutionProperties) = preSolution
		HideSolutionNode = FALSE
	EndGlobalSection
	GlobalSection(ExtensibilityGlobals) = postSolution
		SolutionGuid = {85B02657-0D15-426A-A2C5-23E052FACC96}
	EndGlobalSection
EndGlobal
